// !$*UTF8*$!
{
	archiveVersion = 1;
	classes = {
	};
	objectVersion = 46;
	objects = {

/* Begin PBXBuildFile section */
		550C6F461D1745BB004C101C /* PinsWorker.swift in Sources */ = {isa = PBXBuildFile; fileRef = 550C6F451D1745BB004C101C /* PinsWorker.swift */; };
		550C6F491D174875004C101C /* Pin.swift in Sources */ = {isa = PBXBuildFile; fileRef = 550C6F481D174875004C101C /* Pin.swift */; };
		550C6F4B1D174A3C004C101C /* PinsMemStore.swift in Sources */ = {isa = PBXBuildFile; fileRef = 550C6F4A1D174A3C004C101C /* PinsMemStore.swift */; };
		550C6F6B1D202642004C101C /* MapViewDelegate.swift in Sources */ = {isa = PBXBuildFile; fileRef = 550C6F6A1D202642004C101C /* MapViewDelegate.swift */; };
		552C5E1A1D16EE8B0015D79D /* MapRouter.swift in Sources */ = {isa = PBXBuildFile; fileRef = 552C5E191D16EE8B0015D79D /* MapRouter.swift */; };
		552C5E1C1D16F27F0015D79D /* LocationWorker.swift in Sources */ = {isa = PBXBuildFile; fileRef = 552C5E1B1D16F27F0015D79D /* LocationWorker.swift */; };
		5552956E1D11F666003C0C0F /* AppDelegate.swift in Sources */ = {isa = PBXBuildFile; fileRef = 5552956D1D11F666003C0C0F /* AppDelegate.swift */; };
		555295731D11F666003C0C0F /* Main.storyboard in Resources */ = {isa = PBXBuildFile; fileRef = 555295711D11F666003C0C0F /* Main.storyboard */; };
		555295751D11F666003C0C0F /* Assets.xcassets in Resources */ = {isa = PBXBuildFile; fileRef = 555295741D11F666003C0C0F /* Assets.xcassets */; };
		555295781D11F666003C0C0F /* LaunchScreen.storyboard in Resources */ = {isa = PBXBuildFile; fileRef = 555295761D11F666003C0C0F /* LaunchScreen.storyboard */; };
		555295831D11F666003C0C0F /* foodSearcherTests.swift in Sources */ = {isa = PBXBuildFile; fileRef = 555295821D11F666003C0C0F /* foodSearcherTests.swift */; };
		55C983F51D23E96600D0FE7E /* FromMapToDescriptionAnimator.swift in Sources */ = {isa = PBXBuildFile; fileRef = 55C983F41D23E96600D0FE7E /* FromMapToDescriptionAnimator.swift */; };
		55E5834B1D16D4E700CDF685 /* MapViewController.swift in Sources */ = {isa = PBXBuildFile; fileRef = 55E5834A1D16D4E700CDF685 /* MapViewController.swift */; };
		55E5834D1D16D52C00CDF685 /* MapInteractor.swift in Sources */ = {isa = PBXBuildFile; fileRef = 55E5834C1D16D52C00CDF685 /* MapInteractor.swift */; };
		55E5834F1D16D54F00CDF685 /* MapConfigurator.swift in Sources */ = {isa = PBXBuildFile; fileRef = 55E5834E1D16D54F00CDF685 /* MapConfigurator.swift */; };
		55E583511D16D61100CDF685 /* MapModels.swift in Sources */ = {isa = PBXBuildFile; fileRef = 55E583501D16D61100CDF685 /* MapModels.swift */; };
		57E163395829337530709837 /* Pods_foodSearcherTests.framework in Frameworks */ = {isa = PBXBuildFile; fileRef = 2B69A540DC15559A31EFF6D5 /* Pods_foodSearcherTests.framework */; };
		BB00E31290CFA3434B7CFFB7 /* Pods_foodSearcher.framework in Frameworks */ = {isa = PBXBuildFile; fileRef = B911D2895AC1F0947399EBF6 /* Pods_foodSearcher.framework */; };
/* End PBXBuildFile section */

/* Begin PBXContainerItemProxy section */
		5552957F1D11F666003C0C0F /* PBXContainerItemProxy */ = {
			isa = PBXContainerItemProxy;
			containerPortal = 555295621D11F666003C0C0F /* Project object */;
			proxyType = 1;
			remoteGlobalIDString = 555295691D11F666003C0C0F;
			remoteInfo = foodSearcher;
		};
/* End PBXContainerItemProxy section */

/* Begin PBXFileReference section */
		2B69A540DC15559A31EFF6D5 /* Pods_foodSearcherTests.framework */ = {isa = PBXFileReference; explicitFileType = wrapper.framework; includeInIndex = 0; path = Pods_foodSearcherTests.framework; sourceTree = BUILT_PRODUCTS_DIR; };
		550C6F451D1745BB004C101C /* PinsWorker.swift */ = {isa = PBXFileReference; fileEncoding = 4; lastKnownFileType = sourcecode.swift; name = PinsWorker.swift; path = ../PinsWorker.swift; sourceTree = "<group>"; };
		550C6F481D174875004C101C /* Pin.swift */ = {isa = PBXFileReference; fileEncoding = 4; lastKnownFileType = sourcecode.swift; path = Pin.swift; sourceTree = "<group>"; };
		550C6F4A1D174A3C004C101C /* PinsMemStore.swift */ = {isa = PBXFileReference; fileEncoding = 4; lastKnownFileType = sourcecode.swift; path = PinsMemStore.swift; sourceTree = "<group>"; };
		550C6F6A1D202642004C101C /* MapViewDelegate.swift */ = {isa = PBXFileReference; fileEncoding = 4; lastKnownFileType = sourcecode.swift; path = MapViewDelegate.swift; sourceTree = "<group>"; };
		552C5E191D16EE8B0015D79D /* MapRouter.swift */ = {isa = PBXFileReference; fileEncoding = 4; lastKnownFileType = sourcecode.swift; path = MapRouter.swift; sourceTree = "<group>"; };
		552C5E1B1D16F27F0015D79D /* LocationWorker.swift */ = {isa = PBXFileReference; fileEncoding = 4; lastKnownFileType = sourcecode.swift; path = LocationWorker.swift; sourceTree = "<group>"; };
		5552956A1D11F666003C0C0F /* foodSearcher.app */ = {isa = PBXFileReference; explicitFileType = wrapper.application; includeInIndex = 0; path = foodSearcher.app; sourceTree = BUILT_PRODUCTS_DIR; };
		5552956D1D11F666003C0C0F /* AppDelegate.swift */ = {isa = PBXFileReference; lastKnownFileType = sourcecode.swift; path = AppDelegate.swift; sourceTree = "<group>"; };
		555295721D11F666003C0C0F /* Base */ = {isa = PBXFileReference; lastKnownFileType = file.storyboard; name = Base; path = Base.lproj/Main.storyboard; sourceTree = "<group>"; };
		555295741D11F666003C0C0F /* Assets.xcassets */ = {isa = PBXFileReference; lastKnownFileType = folder.assetcatalog; path = Assets.xcassets; sourceTree = "<group>"; };
		555295771D11F666003C0C0F /* Base */ = {isa = PBXFileReference; lastKnownFileType = file.storyboard; name = Base; path = Base.lproj/LaunchScreen.storyboard; sourceTree = "<group>"; };
		555295791D11F666003C0C0F /* Info.plist */ = {isa = PBXFileReference; lastKnownFileType = text.plist.xml; path = Info.plist; sourceTree = "<group>"; };
		5552957E1D11F666003C0C0F /* foodSearcherTests.xctest */ = {isa = PBXFileReference; explicitFileType = wrapper.cfbundle; includeInIndex = 0; path = foodSearcherTests.xctest; sourceTree = BUILT_PRODUCTS_DIR; };
		555295821D11F666003C0C0F /* foodSearcherTests.swift */ = {isa = PBXFileReference; lastKnownFileType = sourcecode.swift; path = foodSearcherTests.swift; sourceTree = "<group>"; };
		555295841D11F666003C0C0F /* Info.plist */ = {isa = PBXFileReference; lastKnownFileType = text.plist.xml; path = Info.plist; sourceTree = "<group>"; };
		55C983F41D23E96600D0FE7E /* FromMapToDescriptionAnimator.swift */ = {isa = PBXFileReference; fileEncoding = 4; lastKnownFileType = sourcecode.swift; path = FromMapToDescriptionAnimator.swift; sourceTree = "<group>"; };
		55E5834A1D16D4E700CDF685 /* MapViewController.swift */ = {isa = PBXFileReference; fileEncoding = 4; lastKnownFileType = sourcecode.swift; name = MapViewController.swift; path = foodSearcher/Scenes/MapViewController.swift; sourceTree = SOURCE_ROOT; };
		55E5834C1D16D52C00CDF685 /* MapInteractor.swift */ = {isa = PBXFileReference; fileEncoding = 4; lastKnownFileType = sourcecode.swift; path = MapInteractor.swift; sourceTree = "<group>"; };
		55E5834E1D16D54F00CDF685 /* MapConfigurator.swift */ = {isa = PBXFileReference; fileEncoding = 4; lastKnownFileType = sourcecode.swift; path = MapConfigurator.swift; sourceTree = "<group>"; };
		55E583501D16D61100CDF685 /* MapModels.swift */ = {isa = PBXFileReference; fileEncoding = 4; lastKnownFileType = sourcecode.swift; path = MapModels.swift; sourceTree = "<group>"; };
		AA3B1147EF5178F824BF2EE5 /* Pods-foodSearcherTests.debug.xcconfig */ = {isa = PBXFileReference; includeInIndex = 1; lastKnownFileType = text.xcconfig; name = "Pods-foodSearcherTests.debug.xcconfig"; path = "Pods/Target Support Files/Pods-foodSearcherTests/Pods-foodSearcherTests.debug.xcconfig"; sourceTree = "<group>"; };
		B6CEEA17650364870A7AD5F1 /* Pods-foodSearcherTests.release.xcconfig */ = {isa = PBXFileReference; includeInIndex = 1; lastKnownFileType = text.xcconfig; name = "Pods-foodSearcherTests.release.xcconfig"; path = "Pods/Target Support Files/Pods-foodSearcherTests/Pods-foodSearcherTests.release.xcconfig"; sourceTree = "<group>"; };
		B911D2895AC1F0947399EBF6 /* Pods_foodSearcher.framework */ = {isa = PBXFileReference; explicitFileType = wrapper.framework; includeInIndex = 0; path = Pods_foodSearcher.framework; sourceTree = BUILT_PRODUCTS_DIR; };
		C36CB98E7E6D298167887C68 /* Pods-foodSearcher.release.xcconfig */ = {isa = PBXFileReference; includeInIndex = 1; lastKnownFileType = text.xcconfig; name = "Pods-foodSearcher.release.xcconfig"; path = "Pods/Target Support Files/Pods-foodSearcher/Pods-foodSearcher.release.xcconfig"; sourceTree = "<group>"; };
		EAEB3138EECD8A98E11588F6 /* Pods-foodSearcher.debug.xcconfig */ = {isa = PBXFileReference; includeInIndex = 1; lastKnownFileType = text.xcconfig; name = "Pods-foodSearcher.debug.xcconfig"; path = "Pods/Target Support Files/Pods-foodSearcher/Pods-foodSearcher.debug.xcconfig"; sourceTree = "<group>"; };
/* End PBXFileReference section */

/* Begin PBXFrameworksBuildPhase section */
		555295671D11F666003C0C0F /* Frameworks */ = {
			isa = PBXFrameworksBuildPhase;
			buildActionMask = 2147483647;
			files = (
				BB00E31290CFA3434B7CFFB7 /* Pods_foodSearcher.framework in Frameworks */,
			);
			runOnlyForDeploymentPostprocessing = 0;
		};
		5552957B1D11F666003C0C0F /* Frameworks */ = {
			isa = PBXFrameworksBuildPhase;
			buildActionMask = 2147483647;
			files = (
				57E163395829337530709837 /* Pods_foodSearcherTests.framework in Frameworks */,
			);
			runOnlyForDeploymentPostprocessing = 0;
		};
/* End PBXFrameworksBuildPhase section */

/* Begin PBXGroup section */
		4DE355CB4F048F732D701D99 /* Pods */ = {
			isa = PBXGroup;
			children = (
				EAEB3138EECD8A98E11588F6 /* Pods-foodSearcher.debug.xcconfig */,
				C36CB98E7E6D298167887C68 /* Pods-foodSearcher.release.xcconfig */,
				AA3B1147EF5178F824BF2EE5 /* Pods-foodSearcherTests.debug.xcconfig */,
				B6CEEA17650364870A7AD5F1 /* Pods-foodSearcherTests.release.xcconfig */,
			);
			name = Pods;
			sourceTree = "<group>";
		};
		550C6F471D174854004C101C /* FetchPins */ = {
			isa = PBXGroup;
			children = (
				550C6F451D1745BB004C101C /* PinsWorker.swift */,
				550C6F4A1D174A3C004C101C /* PinsMemStore.swift */,
				550C6F481D174875004C101C /* Pin.swift */,
			);
			path = FetchPins;
			sourceTree = "<group>";
		};
		555295611D11F666003C0C0F = {
			isa = PBXGroup;
			children = (
				5552956C1D11F666003C0C0F /* foodSearcher */,
				555295811D11F666003C0C0F /* foodSearcherTests */,
				5552956B1D11F666003C0C0F /* Products */,
				4DE355CB4F048F732D701D99 /* Pods */,
				74CDFE0C325371DE10F000FB /* Frameworks */,
			);
			sourceTree = "<group>";
		};
		5552956B1D11F666003C0C0F /* Products */ = {
			isa = PBXGroup;
			children = (
				5552956A1D11F666003C0C0F /* foodSearcher.app */,
				5552957E1D11F666003C0C0F /* foodSearcherTests.xctest */,
			);
			name = Products;
			sourceTree = "<group>";
		};
		5552956C1D11F666003C0C0F /* foodSearcher */ = {
			isa = PBXGroup;
			children = (
				55E583481D16D49600CDF685 /* Scenes */,
				5552956D1D11F666003C0C0F /* AppDelegate.swift */,
				555295711D11F666003C0C0F /* Main.storyboard */,
				555295741D11F666003C0C0F /* Assets.xcassets */,
				555295761D11F666003C0C0F /* LaunchScreen.storyboard */,
				555295791D11F666003C0C0F /* Info.plist */,
			);
			path = foodSearcher;
			sourceTree = "<group>";
		};
		555295811D11F666003C0C0F /* foodSearcherTests */ = {
			isa = PBXGroup;
			children = (
				555295821D11F666003C0C0F /* foodSearcherTests.swift */,
				555295841D11F666003C0C0F /* Info.plist */,
			);
			path = foodSearcherTests;
			sourceTree = "<group>";
		};
		55E583481D16D49600CDF685 /* Scenes */ = {
			isa = PBXGroup;
			children = (
				55E583491D16D49600CDF685 /* Map */,
				55C983F41D23E96600D0FE7E /* FromMapToDescriptionAnimator.swift */,
			);
			path = Scenes;
			sourceTree = "<group>";
		};
		55E583491D16D49600CDF685 /* Map */ = {
			isa = PBXGroup;
			children = (
				55E5834E1D16D54F00CDF685 /* MapConfigurator.swift */,
				55E5834A1D16D4E700CDF685 /* MapViewController.swift */,
				550C6F6A1D202642004C101C /* MapViewDelegate.swift */,
				55E583501D16D61100CDF685 /* MapModels.swift */,
				552C5E191D16EE8B0015D79D /* MapRouter.swift */,
				55E5834C1D16D52C00CDF685 /* MapInteractor.swift */,
				552C5E1B1D16F27F0015D79D /* LocationWorker.swift */,
				550C6F471D174854004C101C /* FetchPins */,
			);
			path = Map;
			sourceTree = "<group>";
		};
		74CDFE0C325371DE10F000FB /* Frameworks */ = {
			isa = PBXGroup;
			children = (
				B911D2895AC1F0947399EBF6 /* Pods_foodSearcher.framework */,
				2B69A540DC15559A31EFF6D5 /* Pods_foodSearcherTests.framework */,
			);
			name = Frameworks;
			sourceTree = "<group>";
		};
/* End PBXGroup section */

/* Begin PBXNativeTarget section */
		555295691D11F666003C0C0F /* foodSearcher */ = {
			isa = PBXNativeTarget;
			buildConfigurationList = 555295871D11F666003C0C0F /* Build configuration list for PBXNativeTarget "foodSearcher" */;
			buildPhases = (
				BB94157F078EE481CD4E78AA /* [CP] Check Pods Manifest.lock */,
				555295661D11F666003C0C0F /* Sources */,
				555295671D11F666003C0C0F /* Frameworks */,
				555295681D11F666003C0C0F /* Resources */,
				922024153F8C54C2270155CD /* [CP] Embed Pods Frameworks */,
				835FB8BEF4395ACBFBF66C98 /* [CP] Copy Pods Resources */,
			);
			buildRules = (
			);
			dependencies = (
			);
			name = foodSearcher;
			productName = foodSearcher;
			productReference = 5552956A1D11F666003C0C0F /* foodSearcher.app */;
			productType = "com.apple.product-type.application";
		};
		5552957D1D11F666003C0C0F /* foodSearcherTests */ = {
			isa = PBXNativeTarget;
			buildConfigurationList = 5552958A1D11F666003C0C0F /* Build configuration list for PBXNativeTarget "foodSearcherTests" */;
			buildPhases = (
				655BD7A33383F256AE5889A2 /* [CP] Check Pods Manifest.lock */,
				5552957A1D11F666003C0C0F /* Sources */,
				5552957B1D11F666003C0C0F /* Frameworks */,
				5552957C1D11F666003C0C0F /* Resources */,
				DC5867A39957251DA2AFDCB9 /* [CP] Embed Pods Frameworks */,
				3EA0D81F7F016A1C00E2E4B0 /* [CP] Copy Pods Resources */,
			);
			buildRules = (
			);
			dependencies = (
				555295801D11F666003C0C0F /* PBXTargetDependency */,
			);
			name = foodSearcherTests;
			productName = foodSearcherTests;
			productReference = 5552957E1D11F666003C0C0F /* foodSearcherTests.xctest */;
			productType = "com.apple.product-type.bundle.unit-test";
		};
/* End PBXNativeTarget section */

/* Begin PBXProject section */
		555295621D11F666003C0C0F /* Project object */ = {
			isa = PBXProject;
			attributes = {
				LastSwiftUpdateCheck = 0720;
				LastUpgradeCheck = 0720;
				ORGANIZATIONNAME = AndreyLebedev;
				TargetAttributes = {
					555295691D11F666003C0C0F = {
						CreatedOnToolsVersion = 7.2;
						DevelopmentTeam = 6UKGANHQB6;
						DevelopmentTeamName = "Andrey Lebedev (Personal Team)";
						LastSwiftMigration = 0800;
					};
					5552957D1D11F666003C0C0F = {
						CreatedOnToolsVersion = 7.2;
						LastSwiftMigration = 0800;
						TestTargetID = 555295691D11F666003C0C0F;
					};
				};
			};
			buildConfigurationList = 555295651D11F666003C0C0F /* Build configuration list for PBXProject "foodSearcher" */;
			compatibilityVersion = "Xcode 3.2";
			developmentRegion = English;
			hasScannedForEncodings = 0;
			knownRegions = (
				en,
				Base,
			);
			mainGroup = 555295611D11F666003C0C0F;
			productRefGroup = 5552956B1D11F666003C0C0F /* Products */;
			projectDirPath = "";
			projectRoot = "";
			targets = (
				555295691D11F666003C0C0F /* foodSearcher */,
				5552957D1D11F666003C0C0F /* foodSearcherTests */,
			);
		};
/* End PBXProject section */

/* Begin PBXResourcesBuildPhase section */
		555295681D11F666003C0C0F /* Resources */ = {
			isa = PBXResourcesBuildPhase;
			buildActionMask = 2147483647;
			files = (
				555295781D11F666003C0C0F /* LaunchScreen.storyboard in Resources */,
				555295751D11F666003C0C0F /* Assets.xcassets in Resources */,
				555295731D11F666003C0C0F /* Main.storyboard in Resources */,
			);
			runOnlyForDeploymentPostprocessing = 0;
		};
		5552957C1D11F666003C0C0F /* Resources */ = {
			isa = PBXResourcesBuildPhase;
			buildActionMask = 2147483647;
			files = (
			);
			runOnlyForDeploymentPostprocessing = 0;
		};
/* End PBXResourcesBuildPhase section */

/* Begin PBXShellScriptBuildPhase section */
		3EA0D81F7F016A1C00E2E4B0 /* [CP] Copy Pods Resources */ = {
			isa = PBXShellScriptBuildPhase;
			buildActionMask = 2147483647;
			files = (
			);
			inputPaths = (
			);
			name = "[CP] Copy Pods Resources";
			outputPaths = (
			);
			runOnlyForDeploymentPostprocessing = 0;
			shellPath = /bin/sh;
			shellScript = "\"${SRCROOT}/Pods/Target Support Files/Pods-foodSearcherTests/Pods-foodSearcherTests-resources.sh\"\n";
			showEnvVarsInLog = 0;
		};
		655BD7A33383F256AE5889A2 /* [CP] Check Pods Manifest.lock */ = {
			isa = PBXShellScriptBuildPhase;
			buildActionMask = 2147483647;
			files = (
			);
			inputPaths = (
			);
			name = "[CP] Check Pods Manifest.lock";
			outputPaths = (
			);
			runOnlyForDeploymentPostprocessing = 0;
			shellPath = /bin/sh;
			shellScript = "diff \"${PODS_ROOT}/../Podfile.lock\" \"${PODS_ROOT}/Manifest.lock\" > /dev/null\nif [[ $? != 0 ]] ; then\n    cat << EOM\nerror: The sandbox is not in sync with the Podfile.lock. Run 'pod install' or update your CocoaPods installation.\nEOM\n    exit 1\nfi\n";
			showEnvVarsInLog = 0;
		};
		835FB8BEF4395ACBFBF66C98 /* [CP] Copy Pods Resources */ = {
			isa = PBXShellScriptBuildPhase;
			buildActionMask = 2147483647;
			files = (
			);
			inputPaths = (
			);
			name = "[CP] Copy Pods Resources";
			outputPaths = (
			);
			runOnlyForDeploymentPostprocessing = 0;
			shellPath = /bin/sh;
			shellScript = "\"${SRCROOT}/Pods/Target Support Files/Pods-foodSearcher/Pods-foodSearcher-resources.sh\"\n";
			showEnvVarsInLog = 0;
		};
		922024153F8C54C2270155CD /* [CP] Embed Pods Frameworks */ = {
			isa = PBXShellScriptBuildPhase;
			buildActionMask = 2147483647;
			files = (
			);
			inputPaths = (
			);
			name = "[CP] Embed Pods Frameworks";
			outputPaths = (
			);
			runOnlyForDeploymentPostprocessing = 0;
			shellPath = /bin/sh;
			shellScript = "\"${SRCROOT}/Pods/Target Support Files/Pods-foodSearcher/Pods-foodSearcher-frameworks.sh\"\n";
			showEnvVarsInLog = 0;
		};
		BB94157F078EE481CD4E78AA /* [CP] Check Pods Manifest.lock */ = {
			isa = PBXShellScriptBuildPhase;
			buildActionMask = 2147483647;
			files = (
			);
			inputPaths = (
			);
			name = "[CP] Check Pods Manifest.lock";
			outputPaths = (
			);
			runOnlyForDeploymentPostprocessing = 0;
			shellPath = /bin/sh;
			shellScript = "diff \"${PODS_ROOT}/../Podfile.lock\" \"${PODS_ROOT}/Manifest.lock\" > /dev/null\nif [[ $? != 0 ]] ; then\n    cat << EOM\nerror: The sandbox is not in sync with the Podfile.lock. Run 'pod install' or update your CocoaPods installation.\nEOM\n    exit 1\nfi\n";
			showEnvVarsInLog = 0;
		};
		DC5867A39957251DA2AFDCB9 /* [CP] Embed Pods Frameworks */ = {
			isa = PBXShellScriptBuildPhase;
			buildActionMask = 2147483647;
			files = (
			);
			inputPaths = (
			);
			name = "[CP] Embed Pods Frameworks";
			outputPaths = (
			);
			runOnlyForDeploymentPostprocessing = 0;
			shellPath = /bin/sh;
			shellScript = "\"${SRCROOT}/Pods/Target Support Files/Pods-foodSearcherTests/Pods-foodSearcherTests-frameworks.sh\"\n";
			showEnvVarsInLog = 0;
		};
/* End PBXShellScriptBuildPhase section */

/* Begin PBXSourcesBuildPhase section */
		555295661D11F666003C0C0F /* Sources */ = {
			isa = PBXSourcesBuildPhase;
			buildActionMask = 2147483647;
			files = (
				55E5834F1D16D54F00CDF685 /* MapConfigurator.swift in Sources */,
				55C983F51D23E96600D0FE7E /* FromMapToDescriptionAnimator.swift in Sources */,
				5552956E1D11F666003C0C0F /* AppDelegate.swift in Sources */,
				552C5E1C1D16F27F0015D79D /* LocationWorker.swift in Sources */,
				550C6F491D174875004C101C /* Pin.swift in Sources */,
				55E583511D16D61100CDF685 /* MapModels.swift in Sources */,
				55E5834B1D16D4E700CDF685 /* MapViewController.swift in Sources */,
				552C5E1A1D16EE8B0015D79D /* MapRouter.swift in Sources */,
				550C6F6B1D202642004C101C /* MapViewDelegate.swift in Sources */,
				550C6F4B1D174A3C004C101C /* PinsMemStore.swift in Sources */,
				55E5834D1D16D52C00CDF685 /* MapInteractor.swift in Sources */,
				550C6F461D1745BB004C101C /* PinsWorker.swift in Sources */,
			);
			runOnlyForDeploymentPostprocessing = 0;
		};
		5552957A1D11F666003C0C0F /* Sources */ = {
			isa = PBXSourcesBuildPhase;
			buildActionMask = 2147483647;
			files = (
				555295831D11F666003C0C0F /* foodSearcherTests.swift in Sources */,
			);
			runOnlyForDeploymentPostprocessing = 0;
		};
/* End PBXSourcesBuildPhase section */

/* Begin PBXTargetDependency section */
		555295801D11F666003C0C0F /* PBXTargetDependency */ = {
			isa = PBXTargetDependency;
			target = 555295691D11F666003C0C0F /* foodSearcher */;
			targetProxy = 5552957F1D11F666003C0C0F /* PBXContainerItemProxy */;
		};
/* End PBXTargetDependency section */

/* Begin PBXVariantGroup section */
		555295711D11F666003C0C0F /* Main.storyboard */ = {
			isa = PBXVariantGroup;
			children = (
				555295721D11F666003C0C0F /* Base */,
			);
			name = Main.storyboard;
			sourceTree = "<group>";
		};
		555295761D11F666003C0C0F /* LaunchScreen.storyboard */ = {
			isa = PBXVariantGroup;
			children = (
				555295771D11F666003C0C0F /* Base */,
			);
			name = LaunchScreen.storyboard;
			sourceTree = "<group>";
		};
/* End PBXVariantGroup section */

/* Begin XCBuildConfiguration section */
		555295851D11F666003C0C0F /* Debug */ = {
			isa = XCBuildConfiguration;
			buildSettings = {
				ALWAYS_SEARCH_USER_PATHS = NO;
				CLANG_CXX_LANGUAGE_STANDARD = "gnu++0x";
				CLANG_CXX_LIBRARY = "libc++";
				CLANG_ENABLE_MODULES = YES;
				CLANG_ENABLE_OBJC_ARC = YES;
				CLANG_WARN_BOOL_CONVERSION = YES;
				CLANG_WARN_CONSTANT_CONVERSION = YES;
				CLANG_WARN_DIRECT_OBJC_ISA_USAGE = YES_ERROR;
				CLANG_WARN_EMPTY_BODY = YES;
				CLANG_WARN_ENUM_CONVERSION = YES;
				CLANG_WARN_INT_CONVERSION = YES;
				CLANG_WARN_OBJC_ROOT_CLASS = YES_ERROR;
				CLANG_WARN_UNREACHABLE_CODE = YES;
				CLANG_WARN__DUPLICATE_METHOD_MATCH = YES;
				"CODE_SIGN_IDENTITY[sdk=iphoneos*]" = "iPhone Developer";
				COPY_PHASE_STRIP = NO;
				DEBUG_INFORMATION_FORMAT = dwarf;
				ENABLE_BITCODE = NO;
				ENABLE_STRICT_OBJC_MSGSEND = YES;
				ENABLE_TESTABILITY = YES;
				GCC_C_LANGUAGE_STANDARD = gnu99;
				GCC_DYNAMIC_NO_PIC = NO;
				GCC_NO_COMMON_BLOCKS = YES;
				GCC_OPTIMIZATION_LEVEL = 0;
				GCC_PREPROCESSOR_DEFINITIONS = (
					"DEBUG=1",
					"$(inherited)",
				);
				GCC_WARN_64_TO_32_BIT_CONVERSION = YES;
				GCC_WARN_ABOUT_RETURN_TYPE = YES_ERROR;
				GCC_WARN_UNDECLARED_SELECTOR = YES;
				GCC_WARN_UNINITIALIZED_AUTOS = YES_AGGRESSIVE;
				GCC_WARN_UNUSED_FUNCTION = YES;
				GCC_WARN_UNUSED_VARIABLE = YES;
				IPHONEOS_DEPLOYMENT_TARGET = 8.1;
				MTL_ENABLE_DEBUG_INFO = YES;
				ONLY_ACTIVE_ARCH = YES;
				SDKROOT = iphoneos;
				SWIFT_OPTIMIZATION_LEVEL = "-Onone";
			};
			name = Debug;
		};
		555295861D11F666003C0C0F /* Release */ = {
			isa = XCBuildConfiguration;
			buildSettings = {
				ALWAYS_SEARCH_USER_PATHS = NO;
				CLANG_CXX_LANGUAGE_STANDARD = "gnu++0x";
				CLANG_CXX_LIBRARY = "libc++";
				CLANG_ENABLE_MODULES = YES;
				CLANG_ENABLE_OBJC_ARC = YES;
				CLANG_WARN_BOOL_CONVERSION = YES;
				CLANG_WARN_CONSTANT_CONVERSION = YES;
				CLANG_WARN_DIRECT_OBJC_ISA_USAGE = YES_ERROR;
				CLANG_WARN_EMPTY_BODY = YES;
				CLANG_WARN_ENUM_CONVERSION = YES;
				CLANG_WARN_INT_CONVERSION = YES;
				CLANG_WARN_OBJC_ROOT_CLASS = YES_ERROR;
				CLANG_WARN_UNREACHABLE_CODE = YES;
				CLANG_WARN__DUPLICATE_METHOD_MATCH = YES;
				"CODE_SIGN_IDENTITY[sdk=iphoneos*]" = "iPhone Developer";
				COPY_PHASE_STRIP = NO;
				DEBUG_INFORMATION_FORMAT = "dwarf-with-dsym";
				ENABLE_BITCODE = NO;
				ENABLE_NS_ASSERTIONS = NO;
				ENABLE_STRICT_OBJC_MSGSEND = YES;
				GCC_C_LANGUAGE_STANDARD = gnu99;
				GCC_NO_COMMON_BLOCKS = YES;
				GCC_WARN_64_TO_32_BIT_CONVERSION = YES;
				GCC_WARN_ABOUT_RETURN_TYPE = YES_ERROR;
				GCC_WARN_UNDECLARED_SELECTOR = YES;
				GCC_WARN_UNINITIALIZED_AUTOS = YES_AGGRESSIVE;
				GCC_WARN_UNUSED_FUNCTION = YES;
				GCC_WARN_UNUSED_VARIABLE = YES;
				IPHONEOS_DEPLOYMENT_TARGET = 8.1;
				MTL_ENABLE_DEBUG_INFO = NO;
				SDKROOT = iphoneos;
				VALIDATE_PRODUCT = YES;
			};
			name = Release;
		};
		555295881D11F666003C0C0F /* Debug */ = {
			isa = XCBuildConfiguration;
			baseConfigurationReference = EAEB3138EECD8A98E11588F6 /* Pods-foodSearcher.debug.xcconfig */;
			buildSettings = {
				ASSETCATALOG_COMPILER_APPICON_NAME = AppIcon;
				CODE_SIGN_IDENTITY = "iPhone Developer";
				INFOPLIST_FILE = foodSearcher/Info.plist;
				LD_RUNPATH_SEARCH_PATHS = "$(inherited) @executable_path/Frameworks";
				PRODUCT_BUNDLE_IDENTIFIER = com.andreylebedev.foodSearcher;
				PRODUCT_NAME = "$(TARGET_NAME)";
				SWIFT_VERSION = 2.3;
			};
			name = Debug;
		};
		555295891D11F666003C0C0F /* Release */ = {
			isa = XCBuildConfiguration;
			baseConfigurationReference = C36CB98E7E6D298167887C68 /* Pods-foodSearcher.release.xcconfig */;
			buildSettings = {
				ASSETCATALOG_COMPILER_APPICON_NAME = AppIcon;
				CODE_SIGN_IDENTITY = "iPhone Developer";
				INFOPLIST_FILE = foodSearcher/Info.plist;
				LD_RUNPATH_SEARCH_PATHS = "$(inherited) @executable_path/Frameworks";
				PRODUCT_BUNDLE_IDENTIFIER = com.andreylebedev.foodSearcher;
				PRODUCT_NAME = "$(TARGET_NAME)";
				SWIFT_VERSION = 2.3;
			};
			name = Release;
		};
		5552958B1D11F666003C0C0F /* Debug */ = {
			isa = XCBuildConfiguration;
			baseConfigurationReference = AA3B1147EF5178F824BF2EE5 /* Pods-foodSearcherTests.debug.xcconfig */;
			buildSettings = {
				BUNDLE_LOADER = "$(TEST_HOST)";
				INFOPLIST_FILE = foodSearcherTests/Info.plist;
				LD_RUNPATH_SEARCH_PATHS = "$(inherited) @executable_path/Frameworks @loader_path/Frameworks";
				PRODUCT_BUNDLE_IDENTIFIER = com.andreylebedev.foodSearcherTests;
				PRODUCT_NAME = "$(TARGET_NAME)";
				SWIFT_VERSION = 2.3;
				TEST_HOST = "$(BUILT_PRODUCTS_DIR)/foodSearcher.app/foodSearcher";
			};
			name = Debug;
		};
		5552958C1D11F666003C0C0F /* Release */ = {
			isa = XCBuildConfiguration;
			baseConfigurationReference = B6CEEA17650364870A7AD5F1 /* Pods-foodSearcherTests.release.xcconfig */;
			buildSettings = {
				BUNDLE_LOADER = "$(TEST_HOST)";
				INFOPLIST_FILE = foodSearcherTests/Info.plist;
				LD_RUNPATH_SEARCH_PATHS = "$(inherited) @executable_path/Frameworks @loader_path/Frameworks";
				PRODUCT_BUNDLE_IDENTIFIER = com.andreylebedev.foodSearcherTests;
				PRODUCT_NAME = "$(TARGET_NAME)";
				SWIFT_VERSION = 2.3;
				TEST_HOST = "$(BUILT_PRODUCTS_DIR)/foodSearcher.app/foodSearcher";
			};
			name = Release;
		};
/* End XCBuildConfiguration section */

/* Begin XCConfigurationList section */
		555295651D11F666003C0C0F /* Build configuration list for PBXProject "foodSearcher" */ = {
			isa = XCConfigurationList;
			buildConfigurations = (
				555295851D11F666003C0C0F /* Debug */,
				555295861D11F666003C0C0F /* Release */,
			);
			defaultConfigurationIsVisible = 0;
			defaultConfigurationName = Release;
		};
		555295871D11F666003C0C0F /* Build configuration list for PBXNativeTarget "foodSearcher" */ = {
			isa = XCConfigurationList;
			buildConfigurations = (
				555295881D11F666003C0C0F /* Debug */,
				555295891D11F666003C0C0F /* Release */,
			);
			defaultConfigurationIsVisible = 0;
			defaultConfigurationName = Release;
		};
		5552958A1D11F666003C0C0F /* Build configuration list for PBXNativeTarget "foodSearcherTests" */ = {
			isa = XCConfigurationList;
			buildConfigurations = (
				5552958B1D11F666003C0C0F /* Debug */,
				5552958C1D11F666003C0C0F /* Release */,
			);
			defaultConfigurationIsVisible = 0;
			defaultConfigurationName = Release;
		};
/* End XCConfigurationList section */
	};
	rootObject = 555295621D11F666003C0C0F /* Project object */;
}
